
Microsoft Visual Studio Solution File, Format Version 12.00
# Visual Studio Version 17
VisualStudioVersion = 17.9.34902.65
MinimumVisualStudioVersion = 10.0.40219.1
Project("{FAE04EC0-301F-11D3-BF4B-00C04F79EFBC}") = "BlurHash", "BlurHash\BlurHash.csproj", "{AA713FA5-5AFD-49DB-A485-A687DDE969A2}"
EndProject
Global
	GlobalSection(SolutionConfigurationPlatforms) = preSolution
		Debug|Any CPU = Debug|Any CPU
		Release|Any CPU = Release|Any CPU
	EndGlobalSection
	GlobalSection(ProjectConfigurationPlatforms) = postSolution
		{AA713FA5-5AFD-49DB-A485-A687DDE969A2}.Debug|Any CPU.ActiveCfg = Debug|Any CPU
		{AA713FA5-5AFD-49DB-A485-A687DDE969A2}.Debug|Any CPU.Build.0 = Debug|Any CPU
		{AA713FA5-5AFD-49DB-A485-A687DDE969A2}.Release|Any CPU.ActiveCfg = Release|Any CPU
		{AA713FA5-5AFD-49DB-A485-A687DDE969A2}.Release|Any CPU.Build.0 = Release|Any CPU
	EndGlobalSection
	GlobalSection(SolutionProperties) = preSolution
		HideSolutionNode = FALSE
	EndGlobalSection
	GlobalSection(ExtensibilityGlobals) = postSolution
		SolutionGuid = {FC26D347-680E-4BCC-8633-2527F554B0DE}
	EndGlobalSection
EndGlobal
